{
  "name": "mobx_learn",
  "version": "1.0.0",
  "lockfileVersion": 1,
  "requires": true,
  "dependencies": {
    "mobx": {
      "version": "6.1.5",
      "resolved": "https://registry.npm.taobao.org/mobx/download/mobx-6.1.5.tgz",
      "integrity": "sha1-vvJzZwxSDrZ9CZOIEt5SWte+TJ8="
    },
    "mobx-react": {
      "version": "7.1.0",
      "resolved": "https://registry.npm.taobao.org/mobx-react/download/mobx-react-7.1.0.tgz",
      "integrity": "sha1-2UfK2jz60pS0tvaS6WnCQrnBbq8=",
      "requires": {
        "mobx-react-lite": "^3.2.0"
      }
    },
    "mobx-react-lite": {
      "version": "3.2.0",
      "resolved": "https://registry.npm.taobao.org/mobx-react-lite/download/mobx-react-lite-3.2.0.tgz?cache=0&sync_timestamp=1611747960710&other_urls=https%3A%2F%2Fregistry.npm.taobao.org%2Fmobx-react-lite%2Fdownload%2Fmobx-react-lite-3.2.0.tgz",
      "integrity": "sha1-Mx1zZaawUzeN/pwIcxW05Bxd9p8="
    },
    "mobx-utils": {
      "version": "6.0.3",
      "resolved": "https://registry.npm.taobao.org/mobx-utils/download/mobx-utils-6.0.3.tgz",
      "integrity": "sha1-Tcw65l0InfpqSgTXaDgW0BsQYKE="
    }
  }
}
