{
  "name": "mobx_01",
  "version": "1.0.0",
  "lockfileVersion": 1,
  "requires": true,
  "dependencies": {
    "mobx": {
      "version": "6.1.4",
      "resolved": "https://registry.npm.taobao.org/mobx/download/mobx-6.1.4.tgz?cache=0&sync_timestamp=1612006404920&other_urls=https%3A%2F%2Fregistry.npm.taobao.org%2Fmobx%2Fdownload%2Fmobx-6.1.4.tgz",
      "integrity": "sha1-a6F/TikRRqOiZgWpw6DD/4rqHgs="
    }
  }
}
